
Microsoft Visual Studio Solution File, Format Version 12.00
# Visual Studio 15
VisualStudioVersion = 15.0.27428.2037
MinimumVisualStudioVersion = 10.0.40219.1
Project("{8BC9CEB8-8B4A-11D0-8D11-00A0C91BC942}") = "addressbook", "addressbook.vcxproj", "{A46D1813-4355-40E6-844F-FE6E3A4A08EF}"
EndProject
Global
	GlobalSection(SolutionConfigurationPlatforms) = preSolution
		Debug|x64 = Debug|x64
		Debug|x86 = Debug|x86
		Release|x64 = Release|x64
		Release|x86 = Release|x86
	EndGlobalSection
	GlobalSection(ProjectConfigurationPlatforms) = postSolution
		{A46D1813-4355-40E6-844F-FE6E3A4A08EF}.Debug|x64.ActiveCfg = Debug|x64
		{A46D1813-4355-40E6-844F-FE6E3A4A08EF}.Debug|x64.Build.0 = Debug|x64
		{A46D1813-4355-40E6-844F-FE6E3A4A08EF}.Debug|x86.ActiveCfg = Debug|Win32
		{A46D1813-4355-40E6-844F-FE6E3A4A08EF}.Debug|x86.Build.0 = Debug|Win32
		{A46D1813-4355-40E6-844F-FE6E3A4A08EF}.Release|x64.ActiveCfg = Release|x64
		{A46D1813-4355-40E6-844F-FE6E3A4A08EF}.Release|x64.Build.0 = Release|x64
		{A46D1813-4355-40E6-844F-FE6E3A4A08EF}.Release|x86.ActiveCfg = Release|Win32
		{A46D1813-4355-40E6-844F-FE6E3A4A08EF}.Release|x86.Build.0 = Release|Win32
	EndGlobalSection
	GlobalSection(SolutionProperties) = preSolution
		HideSolutionNode = FALSE
	EndGlobalSection
	GlobalSection(ExtensibilityGlobals) = postSolution
		SolutionGuid = {FFCFFAAE-E2B0-4CCB-AF12-CD884B711A5A}
	EndGlobalSection
	GlobalSection(Performance) = preSolution
		HasPerformanceSessions = true
	EndGlobalSection
	GlobalSection(Performance) = preSolution
		HasPerformanceSessions = true
	EndGlobalSection
	GlobalSection(Performance) = preSolution
		HasPerformanceSessions = true
	EndGlobalSection
EndGlobal
